
Microsoft Visual Studio Solution File, Format Version 12.00
# Visual Studio Version 17
VisualStudioVersion = 17.11.35222.181
MinimumVisualStudioVersion = 10.0.40219.1
Project("{FAE04EC0-301F-11D3-BF4B-00C04F79EFBC}") = "Lecture - 22 ( For Loop )", "Lecture - 22 ( For Loop )\Lecture - 22 ( For Loop ).csproj", "{949566F7-4E99-4356-91A1-5C43E26AB0A9}"
EndProject
Global
	GlobalSection(SolutionConfigurationPlatforms) = preSolution
		Debug|Any CPU = Debug|Any CPU
		Release|Any CPU = Release|Any CPU
	EndGlobalSection
	GlobalSection(ProjectConfigurationPlatforms) = postSolution
		{949566F7-4E99-4356-91A1-5C43E26AB0A9}.Debug|Any CPU.ActiveCfg = Debug|Any CPU
		{949566F7-4E99-4356-91A1-5C43E26AB0A9}.Debug|Any CPU.Build.0 = Debug|Any CPU
		{949566F7-4E99-4356-91A1-5C43E26AB0A9}.Release|Any CPU.ActiveCfg = Release|Any CPU
		{949566F7-4E99-4356-91A1-5C43E26AB0A9}.Release|Any CPU.Build.0 = Release|Any CPU
	EndGlobalSection
	GlobalSection(SolutionProperties) = preSolution
		HideSolutionNode = FALSE
	EndGlobalSection
	GlobalSection(ExtensibilityGlobals) = postSolution
		SolutionGuid = {899EE229-069C-414F-9734-F935AD641C0A}
	EndGlobalSection
EndGlobal
