
Microsoft Visual Studio Solution File, Format Version 12.00
# Visual Studio Version 17
VisualStudioVersion = 17.11.35222.181
MinimumVisualStudioVersion = 10.0.40219.1
Project("{FAE04EC0-301F-11D3-BF4B-00C04F79EFBC}") = "Lecture - 14 ( Ternary Operators )", "Lecture - 14 ( Ternary Operators )\Lecture - 14 ( Ternary Operators ).csproj", "{03C65DF0-78F3-441C-846C-170C08AEDD62}"
EndProject
Global
	GlobalSection(SolutionConfigurationPlatforms) = preSolution
		Debug|Any CPU = Debug|Any CPU
		Release|Any CPU = Release|Any CPU
	EndGlobalSection
	GlobalSection(ProjectConfigurationPlatforms) = postSolution
		{03C65DF0-78F3-441C-846C-170C08AEDD62}.Debug|Any CPU.ActiveCfg = Debug|Any CPU
		{03C65DF0-78F3-441C-846C-170C08AEDD62}.Debug|Any CPU.Build.0 = Debug|Any CPU
		{03C65DF0-78F3-441C-846C-170C08AEDD62}.Release|Any CPU.ActiveCfg = Release|Any CPU
		{03C65DF0-78F3-441C-846C-170C08AEDD62}.Release|Any CPU.Build.0 = Release|Any CPU
	EndGlobalSection
	GlobalSection(SolutionProperties) = preSolution
		HideSolutionNode = FALSE
	EndGlobalSection
	GlobalSection(ExtensibilityGlobals) = postSolution
		SolutionGuid = {65F9EB18-CBE4-413D-A75E-EA8335A82419}
	EndGlobalSection
EndGlobal
