
Microsoft Visual Studio Solution File, Format Version 12.00
# Visual Studio Version 17
VisualStudioVersion = 17.11.35222.181
MinimumVisualStudioVersion = 10.0.40219.1
Project("{FAE04EC0-301F-11D3-BF4B-00C04F79EFBC}") = "Lecture - 42 ( Encapsulation in C-Sharph )", "Lecture - 42 ( Encapsulation in C-Sharph )\Lecture - 42 ( Encapsulation in C-Sharph ).csproj", "{09021E8E-803E-4802-BC3F-51AE9A9CA73F}"
EndProject
Global
	GlobalSection(SolutionConfigurationPlatforms) = preSolution
		Debug|Any CPU = Debug|Any CPU
		Release|Any CPU = Release|Any CPU
	EndGlobalSection
	GlobalSection(ProjectConfigurationPlatforms) = postSolution
		{09021E8E-803E-4802-BC3F-51AE9A9CA73F}.Debug|Any CPU.ActiveCfg = Debug|Any CPU
		{09021E8E-803E-4802-BC3F-51AE9A9CA73F}.Debug|Any CPU.Build.0 = Debug|Any CPU
		{09021E8E-803E-4802-BC3F-51AE9A9CA73F}.Release|Any CPU.ActiveCfg = Release|Any CPU
		{09021E8E-803E-4802-BC3F-51AE9A9CA73F}.Release|Any CPU.Build.0 = Release|Any CPU
	EndGlobalSection
	GlobalSection(SolutionProperties) = preSolution
		HideSolutionNode = FALSE
	EndGlobalSection
	GlobalSection(ExtensibilityGlobals) = postSolution
		SolutionGuid = {BC10433F-BAF7-469A-AABE-0A5B41F4522B}
	EndGlobalSection
EndGlobal
