
Microsoft Visual Studio Solution File, Format Version 12.00
# Visual Studio Version 17
VisualStudioVersion = 17.11.35222.181
MinimumVisualStudioVersion = 10.0.40219.1
Project("{FAE04EC0-301F-11D3-BF4B-00C04F79EFBC}") = "Lecture - 41 ( Access Specifier ( Part 2 ) )", "Lecture - 41 ( Access Specifier ( Part 2 ) )\Lecture - 41 ( Access Specifier ( Part 2 ) ).csproj", "{F161D4A2-6506-4A88-9B1C-0F3C60E40030}"
EndProject
Global
	GlobalSection(SolutionConfigurationPlatforms) = preSolution
		Debug|Any CPU = Debug|Any CPU
		Release|Any CPU = Release|Any CPU
	EndGlobalSection
	GlobalSection(ProjectConfigurationPlatforms) = postSolution
		{F161D4A2-6506-4A88-9B1C-0F3C60E40030}.Debug|Any CPU.ActiveCfg = Debug|Any CPU
		{F161D4A2-6506-4A88-9B1C-0F3C60E40030}.Debug|Any CPU.Build.0 = Debug|Any CPU
		{F161D4A2-6506-4A88-9B1C-0F3C60E40030}.Release|Any CPU.ActiveCfg = Release|Any CPU
		{F161D4A2-6506-4A88-9B1C-0F3C60E40030}.Release|Any CPU.Build.0 = Release|Any CPU
	EndGlobalSection
	GlobalSection(SolutionProperties) = preSolution
		HideSolutionNode = FALSE
	EndGlobalSection
	GlobalSection(ExtensibilityGlobals) = postSolution
		SolutionGuid = {DCAB214F-6BC8-4340-A24D-095440E19724}
	EndGlobalSection
EndGlobal
