
Microsoft Visual Studio Solution File, Format Version 12.00
# Visual Studio Version 17
VisualStudioVersion = 17.10.35013.160
MinimumVisualStudioVersion = 10.0.40219.1
Project("{FAE04EC0-301F-11D3-BF4B-00C04F79EFBC}") = "Lecture - 04 ( Reading & Writing to the Console )", "Lecture - 04 ( Reading & Writing to the Console )\Lecture - 04 ( Reading & Writing to the Console ).csproj", "{9B450735-F7E5-4C0C-8AC6-6FD222A7B569}"
EndProject
Global
	GlobalSection(SolutionConfigurationPlatforms) = preSolution
		Debug|Any CPU = Debug|Any CPU
		Release|Any CPU = Release|Any CPU
	EndGlobalSection
	GlobalSection(ProjectConfigurationPlatforms) = postSolution
		{9B450735-F7E5-4C0C-8AC6-6FD222A7B569}.Debug|Any CPU.ActiveCfg = Debug|Any CPU
		{9B450735-F7E5-4C0C-8AC6-6FD222A7B569}.Debug|Any CPU.Build.0 = Debug|Any CPU
		{9B450735-F7E5-4C0C-8AC6-6FD222A7B569}.Release|Any CPU.ActiveCfg = Release|Any CPU
		{9B450735-F7E5-4C0C-8AC6-6FD222A7B569}.Release|Any CPU.Build.0 = Release|Any CPU
	EndGlobalSection
	GlobalSection(SolutionProperties) = preSolution
		HideSolutionNode = FALSE
	EndGlobalSection
	GlobalSection(ExtensibilityGlobals) = postSolution
		SolutionGuid = {7D27C225-F309-45CC-A0B1-4C92CC0465F3}
	EndGlobalSection
EndGlobal
