
Microsoft Visual Studio Solution File, Format Version 12.00
# Visual Studio Version 17
VisualStudioVersion = 17.11.35222.181
MinimumVisualStudioVersion = 10.0.40219.1
Project("{FAE04EC0-301F-11D3-BF4B-00C04F79EFBC}") = "Lecture - 07 ( Date Time Format Specifier )", "Lecture - 07 ( Date Time Format Specifier )\Lecture - 07 ( Date Time Format Specifier ).csproj", "{4A655F43-1EF3-4182-A9CC-D0A992F790DA}"
EndProject
Global
	GlobalSection(SolutionConfigurationPlatforms) = preSolution
		Debug|Any CPU = Debug|Any CPU
		Release|Any CPU = Release|Any CPU
	EndGlobalSection
	GlobalSection(ProjectConfigurationPlatforms) = postSolution
		{4A655F43-1EF3-4182-A9CC-D0A992F790DA}.Debug|Any CPU.ActiveCfg = Debug|Any CPU
		{4A655F43-1EF3-4182-A9CC-D0A992F790DA}.Debug|Any CPU.Build.0 = Debug|Any CPU
		{4A655F43-1EF3-4182-A9CC-D0A992F790DA}.Release|Any CPU.ActiveCfg = Release|Any CPU
		{4A655F43-1EF3-4182-A9CC-D0A992F790DA}.Release|Any CPU.Build.0 = Release|Any CPU
	EndGlobalSection
	GlobalSection(SolutionProperties) = preSolution
		HideSolutionNode = FALSE
	EndGlobalSection
	GlobalSection(ExtensibilityGlobals) = postSolution
		SolutionGuid = {6D44CC83-41F3-4CD7-9548-31C50A9F99DE}
	EndGlobalSection
EndGlobal
