
Microsoft Visual Studio Solution File, Format Version 12.00
# Visual Studio Version 17
VisualStudioVersion = 17.11.35222.181
MinimumVisualStudioVersion = 10.0.40219.1
Project("{FAE04EC0-301F-11D3-BF4B-00C04F79EFBC}") = "Lecture - 16 ( Decision Making If-Else-If )", "Lecture - 16 ( Decision Making If-Else-If )\Lecture - 16 ( Decision Making If-Else-If ).csproj", "{539256E9-D163-4F38-BE11-71F708B4918C}"
EndProject
Global
	GlobalSection(SolutionConfigurationPlatforms) = preSolution
		Debug|Any CPU = Debug|Any CPU
		Release|Any CPU = Release|Any CPU
	EndGlobalSection
	GlobalSection(ProjectConfigurationPlatforms) = postSolution
		{539256E9-D163-4F38-BE11-71F708B4918C}.Debug|Any CPU.ActiveCfg = Debug|Any CPU
		{539256E9-D163-4F38-BE11-71F708B4918C}.Debug|Any CPU.Build.0 = Debug|Any CPU
		{539256E9-D163-4F38-BE11-71F708B4918C}.Release|Any CPU.ActiveCfg = Release|Any CPU
		{539256E9-D163-4F38-BE11-71F708B4918C}.Release|Any CPU.Build.0 = Release|Any CPU
	EndGlobalSection
	GlobalSection(SolutionProperties) = preSolution
		HideSolutionNode = FALSE
	EndGlobalSection
	GlobalSection(ExtensibilityGlobals) = postSolution
		SolutionGuid = {DCD2E599-64FF-455E-8041-ED809A936157}
	EndGlobalSection
EndGlobal
