
Microsoft Visual Studio Solution File, Format Version 12.00
# Visual Studio Version 17
VisualStudioVersion = 17.11.35312.102
MinimumVisualStudioVersion = 10.0.40219.1
Project("{FAE04EC0-301F-11D3-BF4B-00C04F79EFBC}") = "Lecture - 73 ( Try With Multiple Catch )", "Lecture - 73 ( Try With Multiple Catch )\Lecture - 73 ( Try With Multiple Catch ).csproj", "{68F618A0-3F03-4259-9482-2346C3F0978B}"
EndProject
Global
	GlobalSection(SolutionConfigurationPlatforms) = preSolution
		Debug|Any CPU = Debug|Any CPU
		Release|Any CPU = Release|Any CPU
	EndGlobalSection
	GlobalSection(ProjectConfigurationPlatforms) = postSolution
		{68F618A0-3F03-4259-9482-2346C3F0978B}.Debug|Any CPU.ActiveCfg = Debug|Any CPU
		{68F618A0-3F03-4259-9482-2346C3F0978B}.Debug|Any CPU.Build.0 = Debug|Any CPU
		{68F618A0-3F03-4259-9482-2346C3F0978B}.Release|Any CPU.ActiveCfg = Release|Any CPU
		{68F618A0-3F03-4259-9482-2346C3F0978B}.Release|Any CPU.Build.0 = Release|Any CPU
	EndGlobalSection
	GlobalSection(SolutionProperties) = preSolution
		HideSolutionNode = FALSE
	EndGlobalSection
	GlobalSection(ExtensibilityGlobals) = postSolution
		SolutionGuid = {CD8CC5E4-DFDC-4992-97C1-9C97A683CD3C}
	EndGlobalSection
EndGlobal
