
Microsoft Visual Studio Solution File, Format Version 12.00
# Visual Studio Version 17
VisualStudioVersion = 17.11.35222.181
MinimumVisualStudioVersion = 10.0.40219.1
Project("{FAE04EC0-301F-11D3-BF4B-00C04F79EFBC}") = "Lecture - 35 ( Methods Or Functions ( Part 2 ) )", "Lecture - 35 ( Methods Or Functions ( Part 2 ) )\Lecture - 35 ( Methods Or Functions ( Part 2 ) ).csproj", "{7751895A-F777-4FC3-A284-C7EB90B1388A}"
EndProject
Global
	GlobalSection(SolutionConfigurationPlatforms) = preSolution
		Debug|Any CPU = Debug|Any CPU
		Release|Any CPU = Release|Any CPU
	EndGlobalSection
	GlobalSection(ProjectConfigurationPlatforms) = postSolution
		{7751895A-F777-4FC3-A284-C7EB90B1388A}.Debug|Any CPU.ActiveCfg = Debug|Any CPU
		{7751895A-F777-4FC3-A284-C7EB90B1388A}.Debug|Any CPU.Build.0 = Debug|Any CPU
		{7751895A-F777-4FC3-A284-C7EB90B1388A}.Release|Any CPU.ActiveCfg = Release|Any CPU
		{7751895A-F777-4FC3-A284-C7EB90B1388A}.Release|Any CPU.Build.0 = Release|Any CPU
	EndGlobalSection
	GlobalSection(SolutionProperties) = preSolution
		HideSolutionNode = FALSE
	EndGlobalSection
	GlobalSection(ExtensibilityGlobals) = postSolution
		SolutionGuid = {C43C58AC-717F-4C7B-952A-A887700037B5}
	EndGlobalSection
EndGlobal
