
Microsoft Visual Studio Solution File, Format Version 12.00
# Visual Studio Version 17
VisualStudioVersion = 17.11.35312.102
MinimumVisualStudioVersion = 10.0.40219.1
Project("{FAE04EC0-301F-11D3-BF4B-00C04F79EFBC}") = "Lecture - 79 ( String And StringBuilder )", "Lecture - 79 ( String And StringBuilder )\Lecture - 79 ( String And StringBuilder ).csproj", "{772D94CB-D700-4312-94D4-67DD8C745BB0}"
EndProject
Global
	GlobalSection(SolutionConfigurationPlatforms) = preSolution
		Debug|Any CPU = Debug|Any CPU
		Release|Any CPU = Release|Any CPU
	EndGlobalSection
	GlobalSection(ProjectConfigurationPlatforms) = postSolution
		{772D94CB-D700-4312-94D4-67DD8C745BB0}.Debug|Any CPU.ActiveCfg = Debug|Any CPU
		{772D94CB-D700-4312-94D4-67DD8C745BB0}.Debug|Any CPU.Build.0 = Debug|Any CPU
		{772D94CB-D700-4312-94D4-67DD8C745BB0}.Release|Any CPU.ActiveCfg = Release|Any CPU
		{772D94CB-D700-4312-94D4-67DD8C745BB0}.Release|Any CPU.Build.0 = Release|Any CPU
	EndGlobalSection
	GlobalSection(SolutionProperties) = preSolution
		HideSolutionNode = FALSE
	EndGlobalSection
	GlobalSection(ExtensibilityGlobals) = postSolution
		SolutionGuid = {86A44610-2B86-47F9-8067-903E934276F0}
	EndGlobalSection
EndGlobal
