
Microsoft Visual Studio Solution File, Format Version 12.00
# Visual Studio Version 17
VisualStudioVersion = 17.10.35013.160
MinimumVisualStudioVersion = 10.0.40219.1
Project("{FAE04EC0-301F-11D3-BF4B-00C04F79EFBC}") = "Lecture - 03 ( Namespace & Main Method )", "Lecture - 03 ( Namespace & Main Method )\Lecture - 03 ( Namespace & Main Method ).csproj", "{72A823F9-DA97-48CA-BFD7-C4254627F9AF}"
EndProject
Global
	GlobalSection(SolutionConfigurationPlatforms) = preSolution
		Debug|Any CPU = Debug|Any CPU
		Release|Any CPU = Release|Any CPU
	EndGlobalSection
	GlobalSection(ProjectConfigurationPlatforms) = postSolution
		{72A823F9-DA97-48CA-BFD7-C4254627F9AF}.Debug|Any CPU.ActiveCfg = Debug|Any CPU
		{72A823F9-DA97-48CA-BFD7-C4254627F9AF}.Debug|Any CPU.Build.0 = Debug|Any CPU
		{72A823F9-DA97-48CA-BFD7-C4254627F9AF}.Release|Any CPU.ActiveCfg = Release|Any CPU
		{72A823F9-DA97-48CA-BFD7-C4254627F9AF}.Release|Any CPU.Build.0 = Release|Any CPU
	EndGlobalSection
	GlobalSection(SolutionProperties) = preSolution
		HideSolutionNode = FALSE
	EndGlobalSection
	GlobalSection(ExtensibilityGlobals) = postSolution
		SolutionGuid = {7D3BBD3A-3315-493F-8355-5BA4E9A102D9}
	EndGlobalSection
EndGlobal
