
Microsoft Visual Studio Solution File, Format Version 12.00
# Visual Studio Version 17
VisualStudioVersion = 17.11.35222.181
MinimumVisualStudioVersion = 10.0.40219.1
Project("{FAE04EC0-301F-11D3-BF4B-00C04F79EFBC}") = "Lecture - 27 ( Jump Statements )", "Lecture - 27 ( Jump Statements )\Lecture - 27 ( Jump Statements ).csproj", "{40A5415A-71D4-4E61-A1A9-31E062AF2465}"
EndProject
Global
	GlobalSection(SolutionConfigurationPlatforms) = preSolution
		Debug|Any CPU = Debug|Any CPU
		Release|Any CPU = Release|Any CPU
	EndGlobalSection
	GlobalSection(ProjectConfigurationPlatforms) = postSolution
		{40A5415A-71D4-4E61-A1A9-31E062AF2465}.Debug|Any CPU.ActiveCfg = Debug|Any CPU
		{40A5415A-71D4-4E61-A1A9-31E062AF2465}.Debug|Any CPU.Build.0 = Debug|Any CPU
		{40A5415A-71D4-4E61-A1A9-31E062AF2465}.Release|Any CPU.ActiveCfg = Release|Any CPU
		{40A5415A-71D4-4E61-A1A9-31E062AF2465}.Release|Any CPU.Build.0 = Release|Any CPU
	EndGlobalSection
	GlobalSection(SolutionProperties) = preSolution
		HideSolutionNode = FALSE
	EndGlobalSection
	GlobalSection(ExtensibilityGlobals) = postSolution
		SolutionGuid = {8624A083-0E54-447C-9CA0-F05BBC7D6355}
	EndGlobalSection
EndGlobal
