
Microsoft Visual Studio Solution File, Format Version 12.00
# Visual Studio Version 17
VisualStudioVersion = 17.11.35222.181
MinimumVisualStudioVersion = 10.0.40219.1
Project("{FAE04EC0-301F-11D3-BF4B-00C04F79EFBC}") = "Lecture - 09 ( Arthmetic Operators )", "Lecture - 09 ( Arthmetic Operators )\Lecture - 09 ( Arthmetic Operators ).csproj", "{9711E069-5A3E-4E89-8AAD-4A4AEAC304E3}"
EndProject
Global
	GlobalSection(SolutionConfigurationPlatforms) = preSolution
		Debug|Any CPU = Debug|Any CPU
		Release|Any CPU = Release|Any CPU
	EndGlobalSection
	GlobalSection(ProjectConfigurationPlatforms) = postSolution
		{9711E069-5A3E-4E89-8AAD-4A4AEAC304E3}.Debug|Any CPU.ActiveCfg = Debug|Any CPU
		{9711E069-5A3E-4E89-8AAD-4A4AEAC304E3}.Debug|Any CPU.Build.0 = Debug|Any CPU
		{9711E069-5A3E-4E89-8AAD-4A4AEAC304E3}.Release|Any CPU.ActiveCfg = Release|Any CPU
		{9711E069-5A3E-4E89-8AAD-4A4AEAC304E3}.Release|Any CPU.Build.0 = Release|Any CPU
	EndGlobalSection
	GlobalSection(SolutionProperties) = preSolution
		HideSolutionNode = FALSE
	EndGlobalSection
	GlobalSection(ExtensibilityGlobals) = postSolution
		SolutionGuid = {9772EB5D-4612-4889-8EE4-39B8043DA5CC}
	EndGlobalSection
EndGlobal
