
Microsoft Visual Studio Solution File, Format Version 12.00
# Visual Studio Version 17
VisualStudioVersion = 17.11.35312.102
MinimumVisualStudioVersion = 10.0.40219.1
Project("{FAE04EC0-301F-11D3-BF4B-00C04F79EFBC}") = "Lecture - 63 ( List Generic Part 1  )", "Lecture - 63 ( List Generic Part 1  )\Lecture - 63 ( List Generic Part 1  ).csproj", "{4014101E-0DA6-4439-96C8-DF3103D4A663}"
EndProject
Global
	GlobalSection(SolutionConfigurationPlatforms) = preSolution
		Debug|Any CPU = Debug|Any CPU
		Release|Any CPU = Release|Any CPU
	EndGlobalSection
	GlobalSection(ProjectConfigurationPlatforms) = postSolution
		{4014101E-0DA6-4439-96C8-DF3103D4A663}.Debug|Any CPU.ActiveCfg = Debug|Any CPU
		{4014101E-0DA6-4439-96C8-DF3103D4A663}.Debug|Any CPU.Build.0 = Debug|Any CPU
		{4014101E-0DA6-4439-96C8-DF3103D4A663}.Release|Any CPU.ActiveCfg = Release|Any CPU
		{4014101E-0DA6-4439-96C8-DF3103D4A663}.Release|Any CPU.Build.0 = Release|Any CPU
	EndGlobalSection
	GlobalSection(SolutionProperties) = preSolution
		HideSolutionNode = FALSE
	EndGlobalSection
	GlobalSection(ExtensibilityGlobals) = postSolution
		SolutionGuid = {EB917E49-8EF3-4468-B74A-8DFFAB64E763}
	EndGlobalSection
EndGlobal
