
Microsoft Visual Studio Solution File, Format Version 12.00
# Visual Studio Version 17
VisualStudioVersion = 17.11.35312.102
MinimumVisualStudioVersion = 10.0.40219.1
Project("{FAE04EC0-301F-11D3-BF4B-00C04F79EFBC}") = "Lecture - 70 ( Handling Null Refrence )", "Lecture - 70 ( Handling Null Refrence )\Lecture - 70 ( Handling Null Refrence ).csproj", "{354250A1-9129-4663-BF13-3726AFFCB1AB}"
EndProject
Global
	GlobalSection(SolutionConfigurationPlatforms) = preSolution
		Debug|Any CPU = Debug|Any CPU
		Release|Any CPU = Release|Any CPU
	EndGlobalSection
	GlobalSection(ProjectConfigurationPlatforms) = postSolution
		{354250A1-9129-4663-BF13-3726AFFCB1AB}.Debug|Any CPU.ActiveCfg = Debug|Any CPU
		{354250A1-9129-4663-BF13-3726AFFCB1AB}.Debug|Any CPU.Build.0 = Debug|Any CPU
		{354250A1-9129-4663-BF13-3726AFFCB1AB}.Release|Any CPU.ActiveCfg = Release|Any CPU
		{354250A1-9129-4663-BF13-3726AFFCB1AB}.Release|Any CPU.Build.0 = Release|Any CPU
	EndGlobalSection
	GlobalSection(SolutionProperties) = preSolution
		HideSolutionNode = FALSE
	EndGlobalSection
	GlobalSection(ExtensibilityGlobals) = postSolution
		SolutionGuid = {2740F986-60D0-4AD7-AE9A-8E021E205723}
	EndGlobalSection
EndGlobal
