
Microsoft Visual Studio Solution File, Format Version 12.00
# Visual Studio Version 17
VisualStudioVersion = 17.11.35312.102
MinimumVisualStudioVersion = 10.0.40219.1
Project("{FAE04EC0-301F-11D3-BF4B-00C04F79EFBC}") = "Lecture - 61 ( Queue Non-Generic )", "Lecture - 61 ( Queue Non-Generic )\Lecture - 61 ( Queue Non-Generic ).csproj", "{E35734A0-3307-436E-B63A-EEC79B700439}"
EndProject
Global
	GlobalSection(SolutionConfigurationPlatforms) = preSolution
		Debug|Any CPU = Debug|Any CPU
		Release|Any CPU = Release|Any CPU
	EndGlobalSection
	GlobalSection(ProjectConfigurationPlatforms) = postSolution
		{E35734A0-3307-436E-B63A-EEC79B700439}.Debug|Any CPU.ActiveCfg = Debug|Any CPU
		{E35734A0-3307-436E-B63A-EEC79B700439}.Debug|Any CPU.Build.0 = Debug|Any CPU
		{E35734A0-3307-436E-B63A-EEC79B700439}.Release|Any CPU.ActiveCfg = Release|Any CPU
		{E35734A0-3307-436E-B63A-EEC79B700439}.Release|Any CPU.Build.0 = Release|Any CPU
	EndGlobalSection
	GlobalSection(SolutionProperties) = preSolution
		HideSolutionNode = FALSE
	EndGlobalSection
	GlobalSection(ExtensibilityGlobals) = postSolution
		SolutionGuid = {5037AD8A-F326-4E07-8648-A74F489DD009}
	EndGlobalSection
EndGlobal
