
Microsoft Visual Studio Solution File, Format Version 12.00
# Visual Studio Version 17
VisualStudioVersion = 17.11.35312.102
MinimumVisualStudioVersion = 10.0.40219.1
Project("{FAE04EC0-301F-11D3-BF4B-00C04F79EFBC}") = "Lecture - 84 ( Structure Part 1 )", "Lecture - 84 ( Structure Part 1 )\Lecture - 84 ( Structure Part 1 ).csproj", "{116F7F5A-DE8F-4C7D-8E81-9804F578F493}"
EndProject
Global
	GlobalSection(SolutionConfigurationPlatforms) = preSolution
		Debug|Any CPU = Debug|Any CPU
		Release|Any CPU = Release|Any CPU
	EndGlobalSection
	GlobalSection(ProjectConfigurationPlatforms) = postSolution
		{116F7F5A-DE8F-4C7D-8E81-9804F578F493}.Debug|Any CPU.ActiveCfg = Debug|Any CPU
		{116F7F5A-DE8F-4C7D-8E81-9804F578F493}.Debug|Any CPU.Build.0 = Debug|Any CPU
		{116F7F5A-DE8F-4C7D-8E81-9804F578F493}.Release|Any CPU.ActiveCfg = Release|Any CPU
		{116F7F5A-DE8F-4C7D-8E81-9804F578F493}.Release|Any CPU.Build.0 = Release|Any CPU
	EndGlobalSection
	GlobalSection(SolutionProperties) = preSolution
		HideSolutionNode = FALSE
	EndGlobalSection
	GlobalSection(ExtensibilityGlobals) = postSolution
		SolutionGuid = {5FCEEA05-DC9A-46F5-B2BF-59A7A2B446BF}
	EndGlobalSection
EndGlobal
